
Microsoft Visual Studio Solution File, Format Version 12.00
# Visual Studio 15
VisualStudioVersion = 15.0.27004.2002
MinimumVisualStudioVersion = 10.0.40219.1
Project("{FAE04EC0-301F-11D3-BF4B-00C04F79EFBC}") = "Vod", "Vod\Vod.csproj", "{B09D2383-72D1-4903-9133-080A0434458E}"
EndProject
Global
	GlobalSection(SolutionConfigurationPlatforms) = preSolution
		Debug|Any CPU = Debug|Any CPU
		Release|Any CPU = Release|Any CPU
	EndGlobalSection
	GlobalSection(ProjectConfigurationPlatforms) = postSolution
		{B09D2383-72D1-4903-9133-080A0434458E}.Debug|Any CPU.ActiveCfg = Debug|Any CPU
		{B09D2383-72D1-4903-9133-080A0434458E}.Debug|Any CPU.Build.0 = Debug|Any CPU
		{B09D2383-72D1-4903-9133-080A0434458E}.Release|Any CPU.ActiveCfg = Release|Any CPU
		{B09D2383-72D1-4903-9133-080A0434458E}.Release|Any CPU.Build.0 = Release|Any CPU
	EndGlobalSection
	GlobalSection(SolutionProperties) = preSolution
		HideSolutionNode = FALSE
	EndGlobalSection
	GlobalSection(ExtensibilityGlobals) = postSolution
		SolutionGuid = {D9407C6A-8F41-4285-B95C-20A8D675256D}
	EndGlobalSection
EndGlobal
